
Microsoft Visual Studio Solution File, Format Version 12.00
# Visual Studio Version 17
VisualStudioVersion = 17.5.002.0
MinimumVisualStudioVersion = 10.0.40219.1
Project("{2150E333-8FDC-42A3-9474-1A3956D46DE8}") = "week01", "week01", "{4C1DC54A-A1A4-4275-8E50-97F51EA0B421}"
EndProject
Project("{9A19103F-16F7-4668-BE54-9A1E7A4F7556}") = "code", "week01\code\code.csproj", "{CB395725-B815-4524-8F71-7F9710D04E2D}"
EndProject
Project("{9A19103F-16F7-4668-BE54-9A1E7A4F7556}") = "analyze", "week01\analyze\analyze.csproj", "{5F409F66-59EC-439D-85DC-F18B6E546F58}"
EndProject
Project("{9A19103F-16F7-4668-BE54-9A1E7A4F7556}") = "teach", "week01\teach\teach.csproj", "{68DFD351-3137-47E4-9989-0AF36A6BF81A}"
EndProject
Project("{2150E333-8FDC-42A3-9474-1A3956D46DE8}") = "week06", "week06", "{65E9289F-C8FB-4D08-B1EE-915FA3F0BFC3}"
EndProject
Project("{9A19103F-16F7-4668-BE54-9A1E7A4F7556}") = "code", "week06\code\code.csproj", "{E3209C57-50B9-45A7-976B-8ACB9793E7BB}"
EndProject
Project("{2150E333-8FDC-42A3-9474-1A3956D46DE8}") = "sandbox", "sandbox", "{1D70CA8A-9375-40AA-92F3-4989FFC172AB}"
EndProject
Project("{9A19103F-16F7-4668-BE54-9A1E7A4F7556}") = "sandbox_project", "sandbox\sandbox_project\sandbox_project.csproj", "{B41310B6-45CA-49DD-82D8-87D8B02CF763}"
EndProject
Project("{2150E333-8FDC-42A3-9474-1A3956D46DE8}") = "week05", "week05", "{164A5EF3-15F3-40E4-ADAE-CEC1A9D28764}"
EndProject
Project("{9A19103F-16F7-4668-BE54-9A1E7A4F7556}") = "code", "week05\code\code.csproj", "{0A67952D-A565-40A9-BDBF-3B9C328EA34A}"
EndProject
Project("{2150E333-8FDC-42A3-9474-1A3956D46DE8}") = "week02", "week02", "{84E2E3B4-B7A6-4C88-8FFD-6A73FB9CA74B}"
EndProject
Project("{9A19103F-16F7-4668-BE54-9A1E7A4F7556}") = "learn", "week02\learn\learn.csproj", "{79448F80-2861-4CC2-912A-35E3F9F3ACB0}"
EndProject
Project("{9A19103F-16F7-4668-BE54-9A1E7A4F7556}") = "code", "week02\code\code.csproj", "{EB8844A1-33F4-40EE-B6C5-661B9149D411}"
EndProject
Project("{9A19103F-16F7-4668-BE54-9A1E7A4F7556}") = "analyze", "week02\analyze\analyze.csproj", "{61B02039-5C1D-493F-A3B1-C609E96E3DC3}"
EndProject
Project("{9A19103F-16F7-4668-BE54-9A1E7A4F7556}") = "teach", "week02\teach\teach.csproj", "{5E523CB7-2F28-4081-9DD8-BBB6C888419F}"
EndProject
Project("{2150E333-8FDC-42A3-9474-1A3956D46DE8}") = "week03", "week03", "{741DAF70-DF7A-4A1F-A843-91F15B638FCE}"
EndProject
Project("{9A19103F-16F7-4668-BE54-9A1E7A4F7556}") = "learn", "week03\learn\learn.csproj", "{F92A9B04-EEC8-44EB-ABB8-3FC03D7D0E8D}"
EndProject
Project("{9A19103F-16F7-4668-BE54-9A1E7A4F7556}") = "code", "week03\code\code.csproj", "{9E8EF4ED-F8B5-4864-B426-E1F157AB1517}"
EndProject
Project("{9A19103F-16F7-4668-BE54-9A1E7A4F7556}") = "teach", "week03\teach\teach.csproj", "{474CEED8-75F8-4D51-9851-4A5F9006D7F9}"
EndProject
Project("{2150E333-8FDC-42A3-9474-1A3956D46DE8}") = "week04", "week04", "{C49D5578-4FDE-4D4A-8132-95D96CD0DF3A}"
EndProject
Project("{9A19103F-16F7-4668-BE54-9A1E7A4F7556}") = "code", "week04\code\code.csproj", "{2D8ABA70-897E-4CC0-9BD7-E77942D50F5D}"
EndProject
Global
	GlobalSection(SolutionConfigurationPlatforms) = preSolution
		Debug|Any CPU = Debug|Any CPU
		Release|Any CPU = Release|Any CPU
	EndGlobalSection
	GlobalSection(ProjectConfigurationPlatforms) = postSolution
		{CB395725-B815-4524-8F71-7F9710D04E2D}.Debug|Any CPU.ActiveCfg = Debug|Any CPU
		{CB395725-B815-4524-8F71-7F9710D04E2D}.Debug|Any CPU.Build.0 = Debug|Any CPU
		{CB395725-B815-4524-8F71-7F9710D04E2D}.Release|Any CPU.ActiveCfg = Release|Any CPU
		{CB395725-B815-4524-8F71-7F9710D04E2D}.Release|Any CPU.Build.0 = Release|Any CPU
		{5F409F66-59EC-439D-85DC-F18B6E546F58}.Debug|Any CPU.ActiveCfg = Debug|Any CPU
		{5F409F66-59EC-439D-85DC-F18B6E546F58}.Debug|Any CPU.Build.0 = Debug|Any CPU
		{5F409F66-59EC-439D-85DC-F18B6E546F58}.Release|Any CPU.ActiveCfg = Release|Any CPU
		{5F409F66-59EC-439D-85DC-F18B6E546F58}.Release|Any CPU.Build.0 = Release|Any CPU
		{68DFD351-3137-47E4-9989-0AF36A6BF81A}.Debug|Any CPU.ActiveCfg = Debug|Any CPU
		{68DFD351-3137-47E4-9989-0AF36A6BF81A}.Debug|Any CPU.Build.0 = Debug|Any CPU
		{68DFD351-3137-47E4-9989-0AF36A6BF81A}.Release|Any CPU.ActiveCfg = Release|Any CPU
		{68DFD351-3137-47E4-9989-0AF36A6BF81A}.Release|Any CPU.Build.0 = Release|Any CPU
		{E3209C57-50B9-45A7-976B-8ACB9793E7BB}.Debug|Any CPU.ActiveCfg = Debug|Any CPU
		{E3209C57-50B9-45A7-976B-8ACB9793E7BB}.Debug|Any CPU.Build.0 = Debug|Any CPU
		{E3209C57-50B9-45A7-976B-8ACB9793E7BB}.Release|Any CPU.ActiveCfg = Release|Any CPU
		{E3209C57-50B9-45A7-976B-8ACB9793E7BB}.Release|Any CPU.Build.0 = Release|Any CPU
		{B41310B6-45CA-49DD-82D8-87D8B02CF763}.Debug|Any CPU.ActiveCfg = Debug|Any CPU
		{B41310B6-45CA-49DD-82D8-87D8B02CF763}.Debug|Any CPU.Build.0 = Debug|Any CPU
		{B41310B6-45CA-49DD-82D8-87D8B02CF763}.Release|Any CPU.ActiveCfg = Release|Any CPU
		{B41310B6-45CA-49DD-82D8-87D8B02CF763}.Release|Any CPU.Build.0 = Release|Any CPU
		{0A67952D-A565-40A9-BDBF-3B9C328EA34A}.Debug|Any CPU.ActiveCfg = Debug|Any CPU
		{0A67952D-A565-40A9-BDBF-3B9C328EA34A}.Debug|Any CPU.Build.0 = Debug|Any CPU
		{0A67952D-A565-40A9-BDBF-3B9C328EA34A}.Release|Any CPU.ActiveCfg = Release|Any CPU
		{0A67952D-A565-40A9-BDBF-3B9C328EA34A}.Release|Any CPU.Build.0 = Release|Any CPU
		{79448F80-2861-4CC2-912A-35E3F9F3ACB0}.Debug|Any CPU.ActiveCfg = Debug|Any CPU
		{79448F80-2861-4CC2-912A-35E3F9F3ACB0}.Debug|Any CPU.Build.0 = Debug|Any CPU
		{79448F80-2861-4CC2-912A-35E3F9F3ACB0}.Release|Any CPU.ActiveCfg = Release|Any CPU
		{79448F80-2861-4CC2-912A-35E3F9F3ACB0}.Release|Any CPU.Build.0 = Release|Any CPU
		{EB8844A1-33F4-40EE-B6C5-661B9149D411}.Debug|Any CPU.ActiveCfg = Debug|Any CPU
		{EB8844A1-33F4-40EE-B6C5-661B9149D411}.Debug|Any CPU.Build.0 = Debug|Any CPU
		{EB8844A1-33F4-40EE-B6C5-661B9149D411}.Release|Any CPU.ActiveCfg = Release|Any CPU
		{EB8844A1-33F4-40EE-B6C5-661B9149D411}.Release|Any CPU.Build.0 = Release|Any CPU
		{61B02039-5C1D-493F-A3B1-C609E96E3DC3}.Debug|Any CPU.ActiveCfg = Debug|Any CPU
		{61B02039-5C1D-493F-A3B1-C609E96E3DC3}.Debug|Any CPU.Build.0 = Debug|Any CPU
		{61B02039-5C1D-493F-A3B1-C609E96E3DC3}.Release|Any CPU.ActiveCfg = Release|Any CPU
		{61B02039-5C1D-493F-A3B1-C609E96E3DC3}.Release|Any CPU.Build.0 = Release|Any CPU
		{5E523CB7-2F28-4081-9DD8-BBB6C888419F}.Debug|Any CPU.ActiveCfg = Debug|Any CPU
		{5E523CB7-2F28-4081-9DD8-BBB6C888419F}.Debug|Any CPU.Build.0 = Debug|Any CPU
		{5E523CB7-2F28-4081-9DD8-BBB6C888419F}.Release|Any CPU.ActiveCfg = Release|Any CPU
		{5E523CB7-2F28-4081-9DD8-BBB6C888419F}.Release|Any CPU.Build.0 = Release|Any CPU
		{F92A9B04-EEC8-44EB-ABB8-3FC03D7D0E8D}.Debug|Any CPU.ActiveCfg = Debug|Any CPU
		{F92A9B04-EEC8-44EB-ABB8-3FC03D7D0E8D}.Debug|Any CPU.Build.0 = Debug|Any CPU
		{F92A9B04-EEC8-44EB-ABB8-3FC03D7D0E8D}.Release|Any CPU.ActiveCfg = Release|Any CPU
		{F92A9B04-EEC8-44EB-ABB8-3FC03D7D0E8D}.Release|Any CPU.Build.0 = Release|Any CPU
		{9E8EF4ED-F8B5-4864-B426-E1F157AB1517}.Debug|Any CPU.ActiveCfg = Debug|Any CPU
		{9E8EF4ED-F8B5-4864-B426-E1F157AB1517}.Debug|Any CPU.Build.0 = Debug|Any CPU
		{9E8EF4ED-F8B5-4864-B426-E1F157AB1517}.Release|Any CPU.ActiveCfg = Release|Any CPU
		{9E8EF4ED-F8B5-4864-B426-E1F157AB1517}.Release|Any CPU.Build.0 = Release|Any CPU
		{474CEED8-75F8-4D51-9851-4A5F9006D7F9}.Debug|Any CPU.ActiveCfg = Debug|Any CPU
		{474CEED8-75F8-4D51-9851-4A5F9006D7F9}.Debug|Any CPU.Build.0 = Debug|Any CPU
		{474CEED8-75F8-4D51-9851-4A5F9006D7F9}.Release|Any CPU.ActiveCfg = Release|Any CPU
		{474CEED8-75F8-4D51-9851-4A5F9006D7F9}.Release|Any CPU.Build.0 = Release|Any CPU
		{2D8ABA70-897E-4CC0-9BD7-E77942D50F5D}.Debug|Any CPU.ActiveCfg = Debug|Any CPU
		{2D8ABA70-897E-4CC0-9BD7-E77942D50F5D}.Debug|Any CPU.Build.0 = Debug|Any CPU
		{2D8ABA70-897E-4CC0-9BD7-E77942D50F5D}.Release|Any CPU.ActiveCfg = Release|Any CPU
		{2D8ABA70-897E-4CC0-9BD7-E77942D50F5D}.Release|Any CPU.Build.0 = Release|Any CPU
	EndGlobalSection
	GlobalSection(SolutionProperties) = preSolution
		HideSolutionNode = FALSE
	EndGlobalSection
	GlobalSection(NestedProjects) = preSolution
		{CB395725-B815-4524-8F71-7F9710D04E2D} = {4C1DC54A-A1A4-4275-8E50-97F51EA0B421}
		{5F409F66-59EC-439D-85DC-F18B6E546F58} = {4C1DC54A-A1A4-4275-8E50-97F51EA0B421}
		{68DFD351-3137-47E4-9989-0AF36A6BF81A} = {4C1DC54A-A1A4-4275-8E50-97F51EA0B421}
		{E3209C57-50B9-45A7-976B-8ACB9793E7BB} = {65E9289F-C8FB-4D08-B1EE-915FA3F0BFC3}
		{B41310B6-45CA-49DD-82D8-87D8B02CF763} = {1D70CA8A-9375-40AA-92F3-4989FFC172AB}
		{0A67952D-A565-40A9-BDBF-3B9C328EA34A} = {164A5EF3-15F3-40E4-ADAE-CEC1A9D28764}
		{79448F80-2861-4CC2-912A-35E3F9F3ACB0} = {84E2E3B4-B7A6-4C88-8FFD-6A73FB9CA74B}
		{EB8844A1-33F4-40EE-B6C5-661B9149D411} = {84E2E3B4-B7A6-4C88-8FFD-6A73FB9CA74B}
		{61B02039-5C1D-493F-A3B1-C609E96E3DC3} = {84E2E3B4-B7A6-4C88-8FFD-6A73FB9CA74B}
		{5E523CB7-2F28-4081-9DD8-BBB6C888419F} = {84E2E3B4-B7A6-4C88-8FFD-6A73FB9CA74B}
		{F92A9B04-EEC8-44EB-ABB8-3FC03D7D0E8D} = {741DAF70-DF7A-4A1F-A843-91F15B638FCE}
		{9E8EF4ED-F8B5-4864-B426-E1F157AB1517} = {741DAF70-DF7A-4A1F-A843-91F15B638FCE}
		{474CEED8-75F8-4D51-9851-4A5F9006D7F9} = {741DAF70-DF7A-4A1F-A843-91F15B638FCE}
		{2D8ABA70-897E-4CC0-9BD7-E77942D50F5D} = {C49D5578-4FDE-4D4A-8132-95D96CD0DF3A}
	EndGlobalSection
	GlobalSection(ExtensibilityGlobals) = postSolution
		SolutionGuid = {9CEB54C4-483D-4893-9C8B-9858D1D19EC2}
	EndGlobalSection
EndGlobal
